
Microsoft Visual Studio Solution File, Format Version 12.00
# Visual Studio 15
VisualStudioVersion = 15.0.27428.2043
MinimumVisualStudioVersion = 10.0.40219.1
Project("{FAE04EC0-301F-11D3-BF4B-00C04F79EFBC}") = "Supdate.Model", "Supdate.Model\Supdate.Model.csproj", "{0791A196-BD49-471B-AC67-C22FF4A4675B}"
EndProject
Project("{FAE04EC0-301F-11D3-BF4B-00C04F79EFBC}") = "Supdate.Data", "Supdate.Data\Supdate.Data.csproj", "{DF14952F-F383-46B7-A034-0ECAFC100C0C}"
EndProject
Project("{00D1A9C2-B5F0-4AF3-8072-F6C62B433612}") = "Supdate.Database", "Supdate.Database\Supdate.Database.sqlproj", "{F6CFBA52-792F-4AB8-BF4B-AD15A3B0CBD5}"
EndProject
Project("{FAE04EC0-301F-11D3-BF4B-00C04F79EFBC}") = "Supdate.Web.App", "Supdate.Web.App\Supdate.Web.App.csproj", "{9131F0CA-AB84-4FE4-9876-8D6101E83329}"
EndProject
Project("{FAE04EC0-301F-11D3-BF4B-00C04F79EFBC}") = "Supdate.Business", "Supdate.Business\Supdate.Business.csproj", "{34E22EEF-9366-46B3-8085-C54ECA0EDA61}"
EndProject
Project("{FAE04EC0-301F-11D3-BF4B-00C04F79EFBC}") = "Supdate.Data.Identity", "Supdate.Data.Identity\Supdate.Data.Identity.csproj", "{24E3B063-64DF-4C5C-A5E5-BF8A848934A4}"
EndProject
Project("{FAE04EC0-301F-11D3-BF4B-00C04F79EFBC}") = "Supdate.Util", "Supdate.Util\Supdate.Util.csproj", "{67A00E79-916C-4417-8844-95EE08435A87}"
EndProject
Project("{FAE04EC0-301F-11D3-BF4B-00C04F79EFBC}") = "Supdate.DI", "Supdate.DI\Supdate.DI.csproj", "{15CBB94F-C0DB-4302-B3C3-5993DB129419}"
EndProject
Project("{FAE04EC0-301F-11D3-BF4B-00C04F79EFBC}") = "Supdate.Web.Job.ActivationReminder", "Supdate.Web.Job.ActivationReminder\Supdate.Web.Job.ActivationReminder.csproj", "{61CD8397-C5FF-41AE-95AB-D6BA62FBD5D6}"
EndProject
Project("{FAE04EC0-301F-11D3-BF4B-00C04F79EFBC}") = "Supdate.Web.Job.Feedback", "Supdate.Web.Job.Feedback\Supdate.Web.Job.Feedback.csproj", "{B2707A3B-C9B1-475C-8FBA-B14EC08E98B0}"
EndProject
Project("{FAE04EC0-301F-11D3-BF4B-00C04F79EFBC}") = "Supdate.Web.Job.CompanyStats", "Supdate.Web.Job.CompanyStats\Supdate.Web.Job.CompanyStats.csproj", "{BFFA08F5-4F39-463A-9D00-040A0BB951F7}"
EndProject
Project("{FAE04EC0-301F-11D3-BF4B-00C04F79EFBC}") = "Supdate.Web.Job.GenericEmail", "Supdate.Web.Job.GenericEmail\Supdate.Web.Job.GenericEmail.csproj", "{4C29037F-90EB-45EC-95F6-5B788C02EB81}"
EndProject
Project("{FAE04EC0-301F-11D3-BF4B-00C04F79EFBC}") = "Supdate.Web.Job.MailChimp", "Supdate.Web.Job.MailChimp\Supdate.Web.Job.MailChimp.csproj", "{B62A3399-C7E7-4351-B1FF-48242DF8627B}"
EndProject
Project("{FAE04EC0-301F-11D3-BF4B-00C04F79EFBC}") = "Supdate.Web.Job.Core", "Supdate.Web.Job.Core\Supdate.Web.Job.Core.csproj", "{F1332671-A078-46AE-893A-70E693AB098E}"
EndProject
Global
	GlobalSection(SolutionConfigurationPlatforms) = preSolution
		Debug|Any CPU = Debug|Any CPU
		Dev|Any CPU = Dev|Any CPU
		Dev-CC|Any CPU = Dev-CC|Any CPU
		Prod|Any CPU = Prod|Any CPU
		Prod-CC|Any CPU = Prod-CC|Any CPU
		Release|Any CPU = Release|Any CPU
	EndGlobalSection
	GlobalSection(ProjectConfigurationPlatforms) = postSolution
		{0791A196-BD49-471B-AC67-C22FF4A4675B}.Debug|Any CPU.ActiveCfg = Debug|Any CPU
		{0791A196-BD49-471B-AC67-C22FF4A4675B}.Debug|Any CPU.Build.0 = Debug|Any CPU
		{0791A196-BD49-471B-AC67-C22FF4A4675B}.Dev|Any CPU.ActiveCfg = Dev|Any CPU
		{0791A196-BD49-471B-AC67-C22FF4A4675B}.Dev|Any CPU.Build.0 = Dev|Any CPU
		{0791A196-BD49-471B-AC67-C22FF4A4675B}.Dev-CC|Any CPU.ActiveCfg = Dev-CC|Any CPU
		{0791A196-BD49-471B-AC67-C22FF4A4675B}.Dev-CC|Any CPU.Build.0 = Dev-CC|Any CPU
		{0791A196-BD49-471B-AC67-C22FF4A4675B}.Prod|Any CPU.ActiveCfg = Prod|Any CPU
		{0791A196-BD49-471B-AC67-C22FF4A4675B}.Prod|Any CPU.Build.0 = Prod|Any CPU
		{0791A196-BD49-471B-AC67-C22FF4A4675B}.Prod-CC|Any CPU.ActiveCfg = Prod-CC|Any CPU
		{0791A196-BD49-471B-AC67-C22FF4A4675B}.Prod-CC|Any CPU.Build.0 = Prod-CC|Any CPU
		{0791A196-BD49-471B-AC67-C22FF4A4675B}.Release|Any CPU.ActiveCfg = Release|Any CPU
		{0791A196-BD49-471B-AC67-C22FF4A4675B}.Release|Any CPU.Build.0 = Release|Any CPU
		{DF14952F-F383-46B7-A034-0ECAFC100C0C}.Debug|Any CPU.ActiveCfg = Debug|Any CPU
		{DF14952F-F383-46B7-A034-0ECAFC100C0C}.Debug|Any CPU.Build.0 = Debug|Any CPU
		{DF14952F-F383-46B7-A034-0ECAFC100C0C}.Dev|Any CPU.ActiveCfg = Dev|Any CPU
		{DF14952F-F383-46B7-A034-0ECAFC100C0C}.Dev|Any CPU.Build.0 = Dev|Any CPU
		{DF14952F-F383-46B7-A034-0ECAFC100C0C}.Dev-CC|Any CPU.ActiveCfg = Dev-CC|Any CPU
		{DF14952F-F383-46B7-A034-0ECAFC100C0C}.Dev-CC|Any CPU.Build.0 = Dev-CC|Any CPU
		{DF14952F-F383-46B7-A034-0ECAFC100C0C}.Prod|Any CPU.ActiveCfg = Prod|Any CPU
		{DF14952F-F383-46B7-A034-0ECAFC100C0C}.Prod|Any CPU.Build.0 = Prod|Any CPU
		{DF14952F-F383-46B7-A034-0ECAFC100C0C}.Prod-CC|Any CPU.ActiveCfg = Prod-CC|Any CPU
		{DF14952F-F383-46B7-A034-0ECAFC100C0C}.Prod-CC|Any CPU.Build.0 = Prod-CC|Any CPU
		{DF14952F-F383-46B7-A034-0ECAFC100C0C}.Release|Any CPU.ActiveCfg = Release|Any CPU
		{DF14952F-F383-46B7-A034-0ECAFC100C0C}.Release|Any CPU.Build.0 = Release|Any CPU
		{F6CFBA52-792F-4AB8-BF4B-AD15A3B0CBD5}.Debug|Any CPU.ActiveCfg = Debug|Any CPU
		{F6CFBA52-792F-4AB8-BF4B-AD15A3B0CBD5}.Debug|Any CPU.Build.0 = Debug|Any CPU
		{F6CFBA52-792F-4AB8-BF4B-AD15A3B0CBD5}.Debug|Any CPU.Deploy.0 = Debug|Any CPU
		{F6CFBA52-792F-4AB8-BF4B-AD15A3B0CBD5}.Dev|Any CPU.ActiveCfg = Dev|Any CPU
		{F6CFBA52-792F-4AB8-BF4B-AD15A3B0CBD5}.Dev|Any CPU.Build.0 = Dev|Any CPU
		{F6CFBA52-792F-4AB8-BF4B-AD15A3B0CBD5}.Dev|Any CPU.Deploy.0 = Dev|Any CPU
		{F6CFBA52-792F-4AB8-BF4B-AD15A3B0CBD5}.Dev-CC|Any CPU.ActiveCfg = Dev-CC|Any CPU
		{F6CFBA52-792F-4AB8-BF4B-AD15A3B0CBD5}.Dev-CC|Any CPU.Build.0 = Dev-CC|Any CPU
		{F6CFBA52-792F-4AB8-BF4B-AD15A3B0CBD5}.Dev-CC|Any CPU.Deploy.0 = Dev-CC|Any CPU
		{F6CFBA52-792F-4AB8-BF4B-AD15A3B0CBD5}.Prod|Any CPU.ActiveCfg = Prod|Any CPU
		{F6CFBA52-792F-4AB8-BF4B-AD15A3B0CBD5}.Prod|Any CPU.Build.0 = Prod|Any CPU
		{F6CFBA52-792F-4AB8-BF4B-AD15A3B0CBD5}.Prod|Any CPU.Deploy.0 = Prod|Any CPU
		{F6CFBA52-792F-4AB8-BF4B-AD15A3B0CBD5}.Prod-CC|Any CPU.ActiveCfg = Prod-CC|Any CPU
		{F6CFBA52-792F-4AB8-BF4B-AD15A3B0CBD5}.Prod-CC|Any CPU.Build.0 = Prod-CC|Any CPU
		{F6CFBA52-792F-4AB8-BF4B-AD15A3B0CBD5}.Prod-CC|Any CPU.Deploy.0 = Prod-CC|Any CPU
		{F6CFBA52-792F-4AB8-BF4B-AD15A3B0CBD5}.Release|Any CPU.ActiveCfg = Release|Any CPU
		{F6CFBA52-792F-4AB8-BF4B-AD15A3B0CBD5}.Release|Any CPU.Build.0 = Release|Any CPU
		{F6CFBA52-792F-4AB8-BF4B-AD15A3B0CBD5}.Release|Any CPU.Deploy.0 = Release|Any CPU
		{9131F0CA-AB84-4FE4-9876-8D6101E83329}.Debug|Any CPU.ActiveCfg = Debug|Any CPU
		{9131F0CA-AB84-4FE4-9876-8D6101E83329}.Debug|Any CPU.Build.0 = Debug|Any CPU
		{9131F0CA-AB84-4FE4-9876-8D6101E83329}.Dev|Any CPU.ActiveCfg = Dev|Any CPU
		{9131F0CA-AB84-4FE4-9876-8D6101E83329}.Dev|Any CPU.Build.0 = Dev|Any CPU
		{9131F0CA-AB84-4FE4-9876-8D6101E83329}.Dev-CC|Any CPU.ActiveCfg = Dev-CC|Any CPU
		{9131F0CA-AB84-4FE4-9876-8D6101E83329}.Dev-CC|Any CPU.Build.0 = Dev-CC|Any CPU
		{9131F0CA-AB84-4FE4-9876-8D6101E83329}.Prod|Any CPU.ActiveCfg = Prod|Any CPU
		{9131F0CA-AB84-4FE4-9876-8D6101E83329}.Prod|Any CPU.Build.0 = Prod|Any CPU
		{9131F0CA-AB84-4FE4-9876-8D6101E83329}.Prod-CC|Any CPU.ActiveCfg = Prod-CC|Any CPU
		{9131F0CA-AB84-4FE4-9876-8D6101E83329}.Prod-CC|Any CPU.Build.0 = Prod-CC|Any CPU
		{9131F0CA-AB84-4FE4-9876-8D6101E83329}.Release|Any CPU.ActiveCfg = Release|Any CPU
		{9131F0CA-AB84-4FE4-9876-8D6101E83329}.Release|Any CPU.Build.0 = Release|Any CPU
		{34E22EEF-9366-46B3-8085-C54ECA0EDA61}.Debug|Any CPU.ActiveCfg = Debug|Any CPU
		{34E22EEF-9366-46B3-8085-C54ECA0EDA61}.Debug|Any CPU.Build.0 = Debug|Any CPU
		{34E22EEF-9366-46B3-8085-C54ECA0EDA61}.Dev|Any CPU.ActiveCfg = Dev|Any CPU
		{34E22EEF-9366-46B3-8085-C54ECA0EDA61}.Dev|Any CPU.Build.0 = Dev|Any CPU
		{34E22EEF-9366-46B3-8085-C54ECA0EDA61}.Dev-CC|Any CPU.ActiveCfg = Dev-CC|Any CPU
		{34E22EEF-9366-46B3-8085-C54ECA0EDA61}.Dev-CC|Any CPU.Build.0 = Dev-CC|Any CPU
		{34E22EEF-9366-46B3-8085-C54ECA0EDA61}.Prod|Any CPU.ActiveCfg = Prod|Any CPU
		{34E22EEF-9366-46B3-8085-C54ECA0EDA61}.Prod|Any CPU.Build.0 = Prod|Any CPU
		{34E22EEF-9366-46B3-8085-C54ECA0EDA61}.Prod-CC|Any CPU.ActiveCfg = Prod-CC|Any CPU
		{34E22EEF-9366-46B3-8085-C54ECA0EDA61}.Prod-CC|Any CPU.Build.0 = Prod-CC|Any CPU
		{34E22EEF-9366-46B3-8085-C54ECA0EDA61}.Release|Any CPU.ActiveCfg = Release|Any CPU
		{34E22EEF-9366-46B3-8085-C54ECA0EDA61}.Release|Any CPU.Build.0 = Release|Any CPU
		{24E3B063-64DF-4C5C-A5E5-BF8A848934A4}.Debug|Any CPU.ActiveCfg = Debug|Any CPU
		{24E3B063-64DF-4C5C-A5E5-BF8A848934A4}.Debug|Any CPU.Build.0 = Debug|Any CPU
		{24E3B063-64DF-4C5C-A5E5-BF8A848934A4}.Dev|Any CPU.ActiveCfg = Dev|Any CPU
		{24E3B063-64DF-4C5C-A5E5-BF8A848934A4}.Dev|Any CPU.Build.0 = Dev|Any CPU
		{24E3B063-64DF-4C5C-A5E5-BF8A848934A4}.Dev-CC|Any CPU.ActiveCfg = Dev-CC|Any CPU
		{24E3B063-64DF-4C5C-A5E5-BF8A848934A4}.Dev-CC|Any CPU.Build.0 = Dev-CC|Any CPU
		{24E3B063-64DF-4C5C-A5E5-BF8A848934A4}.Prod|Any CPU.ActiveCfg = Prod|Any CPU
		{24E3B063-64DF-4C5C-A5E5-BF8A848934A4}.Prod|Any CPU.Build.0 = Prod|Any CPU
		{24E3B063-64DF-4C5C-A5E5-BF8A848934A4}.Prod-CC|Any CPU.ActiveCfg = Prod-CC|Any CPU
		{24E3B063-64DF-4C5C-A5E5-BF8A848934A4}.Prod-CC|Any CPU.Build.0 = Prod-CC|Any CPU
		{24E3B063-64DF-4C5C-A5E5-BF8A848934A4}.Release|Any CPU.ActiveCfg = Release|Any CPU
		{24E3B063-64DF-4C5C-A5E5-BF8A848934A4}.Release|Any CPU.Build.0 = Release|Any CPU
		{67A00E79-916C-4417-8844-95EE08435A87}.Debug|Any CPU.ActiveCfg = Debug|Any CPU
		{67A00E79-916C-4417-8844-95EE08435A87}.Debug|Any CPU.Build.0 = Debug|Any CPU
		{67A00E79-916C-4417-8844-95EE08435A87}.Dev|Any CPU.ActiveCfg = Dev|Any CPU
		{67A00E79-916C-4417-8844-95EE08435A87}.Dev|Any CPU.Build.0 = Dev|Any CPU
		{67A00E79-916C-4417-8844-95EE08435A87}.Dev-CC|Any CPU.ActiveCfg = Dev-CC|Any CPU
		{67A00E79-916C-4417-8844-95EE08435A87}.Dev-CC|Any CPU.Build.0 = Dev-CC|Any CPU
		{67A00E79-916C-4417-8844-95EE08435A87}.Prod|Any CPU.ActiveCfg = Prod|Any CPU
		{67A00E79-916C-4417-8844-95EE08435A87}.Prod|Any CPU.Build.0 = Prod|Any CPU
		{67A00E79-916C-4417-8844-95EE08435A87}.Prod-CC|Any CPU.ActiveCfg = Prod-CC|Any CPU
		{67A00E79-916C-4417-8844-95EE08435A87}.Prod-CC|Any CPU.Build.0 = Prod-CC|Any CPU
		{67A00E79-916C-4417-8844-95EE08435A87}.Release|Any CPU.ActiveCfg = Release|Any CPU
		{67A00E79-916C-4417-8844-95EE08435A87}.Release|Any CPU.Build.0 = Release|Any CPU
		{15CBB94F-C0DB-4302-B3C3-5993DB129419}.Debug|Any CPU.ActiveCfg = Debug|Any CPU
		{15CBB94F-C0DB-4302-B3C3-5993DB129419}.Debug|Any CPU.Build.0 = Debug|Any CPU
		{15CBB94F-C0DB-4302-B3C3-5993DB129419}.Dev|Any CPU.ActiveCfg = Dev|Any CPU
		{15CBB94F-C0DB-4302-B3C3-5993DB129419}.Dev|Any CPU.Build.0 = Dev|Any CPU
		{15CBB94F-C0DB-4302-B3C3-5993DB129419}.Dev-CC|Any CPU.ActiveCfg = Dev-CC|Any CPU
		{15CBB94F-C0DB-4302-B3C3-5993DB129419}.Dev-CC|Any CPU.Build.0 = Dev-CC|Any CPU
		{15CBB94F-C0DB-4302-B3C3-5993DB129419}.Prod|Any CPU.ActiveCfg = Prod|Any CPU
		{15CBB94F-C0DB-4302-B3C3-5993DB129419}.Prod|Any CPU.Build.0 = Prod|Any CPU
		{15CBB94F-C0DB-4302-B3C3-5993DB129419}.Prod-CC|Any CPU.ActiveCfg = Prod-CC|Any CPU
		{15CBB94F-C0DB-4302-B3C3-5993DB129419}.Prod-CC|Any CPU.Build.0 = Prod-CC|Any CPU
		{15CBB94F-C0DB-4302-B3C3-5993DB129419}.Release|Any CPU.ActiveCfg = Release|Any CPU
		{15CBB94F-C0DB-4302-B3C3-5993DB129419}.Release|Any CPU.Build.0 = Release|Any CPU
		{61CD8397-C5FF-41AE-95AB-D6BA62FBD5D6}.Debug|Any CPU.ActiveCfg = Debug|Any CPU
		{61CD8397-C5FF-41AE-95AB-D6BA62FBD5D6}.Debug|Any CPU.Build.0 = Debug|Any CPU
		{61CD8397-C5FF-41AE-95AB-D6BA62FBD5D6}.Dev|Any CPU.ActiveCfg = Dev|Any CPU
		{61CD8397-C5FF-41AE-95AB-D6BA62FBD5D6}.Dev|Any CPU.Build.0 = Dev|Any CPU
		{61CD8397-C5FF-41AE-95AB-D6BA62FBD5D6}.Dev-CC|Any CPU.ActiveCfg = Dev-CC|Any CPU
		{61CD8397-C5FF-41AE-95AB-D6BA62FBD5D6}.Dev-CC|Any CPU.Build.0 = Dev-CC|Any CPU
		{61CD8397-C5FF-41AE-95AB-D6BA62FBD5D6}.Prod|Any CPU.ActiveCfg = Prod|Any CPU
		{61CD8397-C5FF-41AE-95AB-D6BA62FBD5D6}.Prod|Any CPU.Build.0 = Prod|Any CPU
		{61CD8397-C5FF-41AE-95AB-D6BA62FBD5D6}.Prod-CC|Any CPU.ActiveCfg = Prod-CC|Any CPU
		{61CD8397-C5FF-41AE-95AB-D6BA62FBD5D6}.Prod-CC|Any CPU.Build.0 = Prod-CC|Any CPU
		{61CD8397-C5FF-41AE-95AB-D6BA62FBD5D6}.Release|Any CPU.ActiveCfg = Release|Any CPU
		{61CD8397-C5FF-41AE-95AB-D6BA62FBD5D6}.Release|Any CPU.Build.0 = Release|Any CPU
		{B2707A3B-C9B1-475C-8FBA-B14EC08E98B0}.Debug|Any CPU.ActiveCfg = Debug|Any CPU
		{B2707A3B-C9B1-475C-8FBA-B14EC08E98B0}.Debug|Any CPU.Build.0 = Debug|Any CPU
		{B2707A3B-C9B1-475C-8FBA-B14EC08E98B0}.Dev|Any CPU.ActiveCfg = Dev|Any CPU
		{B2707A3B-C9B1-475C-8FBA-B14EC08E98B0}.Dev|Any CPU.Build.0 = Dev|Any CPU
		{B2707A3B-C9B1-475C-8FBA-B14EC08E98B0}.Dev-CC|Any CPU.ActiveCfg = Dev-CC|Any CPU
		{B2707A3B-C9B1-475C-8FBA-B14EC08E98B0}.Dev-CC|Any CPU.Build.0 = Dev-CC|Any CPU
		{B2707A3B-C9B1-475C-8FBA-B14EC08E98B0}.Prod|Any CPU.ActiveCfg = Prod|Any CPU
		{B2707A3B-C9B1-475C-8FBA-B14EC08E98B0}.Prod|Any CPU.Build.0 = Prod|Any CPU
		{B2707A3B-C9B1-475C-8FBA-B14EC08E98B0}.Prod-CC|Any CPU.ActiveCfg = Prod-CC|Any CPU
		{B2707A3B-C9B1-475C-8FBA-B14EC08E98B0}.Prod-CC|Any CPU.Build.0 = Prod-CC|Any CPU
		{B2707A3B-C9B1-475C-8FBA-B14EC08E98B0}.Release|Any CPU.ActiveCfg = Release|Any CPU
		{B2707A3B-C9B1-475C-8FBA-B14EC08E98B0}.Release|Any CPU.Build.0 = Release|Any CPU
		{BFFA08F5-4F39-463A-9D00-040A0BB951F7}.Debug|Any CPU.ActiveCfg = Debug|Any CPU
		{BFFA08F5-4F39-463A-9D00-040A0BB951F7}.Debug|Any CPU.Build.0 = Debug|Any CPU
		{BFFA08F5-4F39-463A-9D00-040A0BB951F7}.Dev|Any CPU.ActiveCfg = Dev|Any CPU
		{BFFA08F5-4F39-463A-9D00-040A0BB951F7}.Dev|Any CPU.Build.0 = Dev|Any CPU
		{BFFA08F5-4F39-463A-9D00-040A0BB951F7}.Dev-CC|Any CPU.ActiveCfg = Dev-CC|Any CPU
		{BFFA08F5-4F39-463A-9D00-040A0BB951F7}.Dev-CC|Any CPU.Build.0 = Dev-CC|Any CPU
		{BFFA08F5-4F39-463A-9D00-040A0BB951F7}.Prod|Any CPU.ActiveCfg = Prod|Any CPU
		{BFFA08F5-4F39-463A-9D00-040A0BB951F7}.Prod|Any CPU.Build.0 = Prod|Any CPU
		{BFFA08F5-4F39-463A-9D00-040A0BB951F7}.Prod-CC|Any CPU.ActiveCfg = Prod-CC|Any CPU
		{BFFA08F5-4F39-463A-9D00-040A0BB951F7}.Prod-CC|Any CPU.Build.0 = Prod-CC|Any CPU
		{BFFA08F5-4F39-463A-9D00-040A0BB951F7}.Release|Any CPU.ActiveCfg = Release|Any CPU
		{BFFA08F5-4F39-463A-9D00-040A0BB951F7}.Release|Any CPU.Build.0 = Release|Any CPU
		{4C29037F-90EB-45EC-95F6-5B788C02EB81}.Debug|Any CPU.ActiveCfg = Debug|Any CPU
		{4C29037F-90EB-45EC-95F6-5B788C02EB81}.Debug|Any CPU.Build.0 = Debug|Any CPU
		{4C29037F-90EB-45EC-95F6-5B788C02EB81}.Dev|Any CPU.ActiveCfg = Dev|Any CPU
		{4C29037F-90EB-45EC-95F6-5B788C02EB81}.Dev|Any CPU.Build.0 = Dev|Any CPU
		{4C29037F-90EB-45EC-95F6-5B788C02EB81}.Dev-CC|Any CPU.ActiveCfg = Dev-CC|Any CPU
		{4C29037F-90EB-45EC-95F6-5B788C02EB81}.Dev-CC|Any CPU.Build.0 = Dev-CC|Any CPU
		{4C29037F-90EB-45EC-95F6-5B788C02EB81}.Prod|Any CPU.ActiveCfg = Prod|Any CPU
		{4C29037F-90EB-45EC-95F6-5B788C02EB81}.Prod|Any CPU.Build.0 = Prod|Any CPU
		{4C29037F-90EB-45EC-95F6-5B788C02EB81}.Prod-CC|Any CPU.ActiveCfg = Prod-CC|Any CPU
		{4C29037F-90EB-45EC-95F6-5B788C02EB81}.Prod-CC|Any CPU.Build.0 = Prod-CC|Any CPU
		{4C29037F-90EB-45EC-95F6-5B788C02EB81}.Release|Any CPU.ActiveCfg = Release|Any CPU
		{4C29037F-90EB-45EC-95F6-5B788C02EB81}.Release|Any CPU.Build.0 = Release|Any CPU
		{B62A3399-C7E7-4351-B1FF-48242DF8627B}.Debug|Any CPU.ActiveCfg = Debug|Any CPU
		{B62A3399-C7E7-4351-B1FF-48242DF8627B}.Debug|Any CPU.Build.0 = Debug|Any CPU
		{B62A3399-C7E7-4351-B1FF-48242DF8627B}.Dev|Any CPU.ActiveCfg = Dev|Any CPU
		{B62A3399-C7E7-4351-B1FF-48242DF8627B}.Dev|Any CPU.Build.0 = Dev|Any CPU
		{B62A3399-C7E7-4351-B1FF-48242DF8627B}.Dev-CC|Any CPU.ActiveCfg = Dev-CC|Any CPU
		{B62A3399-C7E7-4351-B1FF-48242DF8627B}.Dev-CC|Any CPU.Build.0 = Dev-CC|Any CPU
		{B62A3399-C7E7-4351-B1FF-48242DF8627B}.Prod|Any CPU.ActiveCfg = Prod|Any CPU
		{B62A3399-C7E7-4351-B1FF-48242DF8627B}.Prod|Any CPU.Build.0 = Prod|Any CPU
		{B62A3399-C7E7-4351-B1FF-48242DF8627B}.Prod-CC|Any CPU.ActiveCfg = Prod-CC|Any CPU
		{B62A3399-C7E7-4351-B1FF-48242DF8627B}.Prod-CC|Any CPU.Build.0 = Prod-CC|Any CPU
		{B62A3399-C7E7-4351-B1FF-48242DF8627B}.Release|Any CPU.ActiveCfg = Release|Any CPU
		{B62A3399-C7E7-4351-B1FF-48242DF8627B}.Release|Any CPU.Build.0 = Release|Any CPU
		{F1332671-A078-46AE-893A-70E693AB098E}.Debug|Any CPU.ActiveCfg = Debug|Any CPU
		{F1332671-A078-46AE-893A-70E693AB098E}.Debug|Any CPU.Build.0 = Debug|Any CPU
		{F1332671-A078-46AE-893A-70E693AB098E}.Dev|Any CPU.ActiveCfg = Dev|Any CPU
		{F1332671-A078-46AE-893A-70E693AB098E}.Dev|Any CPU.Build.0 = Dev|Any CPU
		{F1332671-A078-46AE-893A-70E693AB098E}.Dev-CC|Any CPU.ActiveCfg = Dev-CC|Any CPU
		{F1332671-A078-46AE-893A-70E693AB098E}.Dev-CC|Any CPU.Build.0 = Dev-CC|Any CPU
		{F1332671-A078-46AE-893A-70E693AB098E}.Prod|Any CPU.ActiveCfg = Prod|Any CPU
		{F1332671-A078-46AE-893A-70E693AB098E}.Prod|Any CPU.Build.0 = Prod|Any CPU
		{F1332671-A078-46AE-893A-70E693AB098E}.Prod-CC|Any CPU.ActiveCfg = Prod-CC|Any CPU
		{F1332671-A078-46AE-893A-70E693AB098E}.Prod-CC|Any CPU.Build.0 = Prod-CC|Any CPU
		{F1332671-A078-46AE-893A-70E693AB098E}.Release|Any CPU.ActiveCfg = Release|Any CPU
		{F1332671-A078-46AE-893A-70E693AB098E}.Release|Any CPU.Build.0 = Release|Any CPU
	EndGlobalSection
	GlobalSection(SolutionProperties) = preSolution
		HideSolutionNode = FALSE
	EndGlobalSection
	GlobalSection(ExtensibilityGlobals) = postSolution
		SolutionGuid = {D5984982-8961-45D9-9978-014311A9AA0E}
	EndGlobalSection
EndGlobal
